
Microsoft Visual Studio Solution File, Format Version 12.00
# Visual Studio 14
VisualStudioVersion = 14.0.25420.1
MinimumVisualStudioVersion = 10.0.40219.1
Project("{2150E333-8FDC-42A3-9474-1A3956D46DE8}") = "src", "src", "{DA9BB6CF-CB5F-413F-A906-96D8424851DC}"
EndProject
Project("{2150E333-8FDC-42A3-9474-1A3956D46DE8}") = "Solution Items", "Solution Items", "{8329DCEF-6036-4246-BC76-FDD78EE7F90F}"
	ProjectSection(SolutionItems) = preProject
		global.json = global.json
	EndProjectSection
EndProject
Project("{8BB2217D-0F2D-49D1-97BC-3654ED321F3B}") = "GameStats.Server", "src\GameStats.Server\GameStats.Server.xproj", "{A3CCD337-841D-4AD4-8F09-62894DE2C103}"
EndProject
Project("{2150E333-8FDC-42A3-9474-1A3956D46DE8}") = "test", "test", "{A25BF449-3CE4-4181-97EE-F39D59DF5B61}"
EndProject
Project("{8BB2217D-0F2D-49D1-97BC-3654ED321F3B}") = "GameStats.Tests", "test\GameStats.Tests\GameStats.Tests.xproj", "{0212C00F-9CE8-4C63-B6CF-60D8211FCC5C}"
EndProject
Global
	GlobalSection(SolutionConfigurationPlatforms) = preSolution
		Debug|Any CPU = Debug|Any CPU
		Release|Any CPU = Release|Any CPU
	EndGlobalSection
	GlobalSection(ProjectConfigurationPlatforms) = postSolution
		{A3CCD337-841D-4AD4-8F09-62894DE2C103}.Debug|Any CPU.ActiveCfg = Debug|Any CPU
		{A3CCD337-841D-4AD4-8F09-62894DE2C103}.Debug|Any CPU.Build.0 = Debug|Any CPU
		{A3CCD337-841D-4AD4-8F09-62894DE2C103}.Release|Any CPU.ActiveCfg = Release|Any CPU
		{A3CCD337-841D-4AD4-8F09-62894DE2C103}.Release|Any CPU.Build.0 = Release|Any CPU
		{0212C00F-9CE8-4C63-B6CF-60D8211FCC5C}.Debug|Any CPU.ActiveCfg = Debug|Any CPU
		{0212C00F-9CE8-4C63-B6CF-60D8211FCC5C}.Debug|Any CPU.Build.0 = Debug|Any CPU
		{0212C00F-9CE8-4C63-B6CF-60D8211FCC5C}.Release|Any CPU.ActiveCfg = Release|Any CPU
		{0212C00F-9CE8-4C63-B6CF-60D8211FCC5C}.Release|Any CPU.Build.0 = Release|Any CPU
	EndGlobalSection
	GlobalSection(SolutionProperties) = preSolution
		HideSolutionNode = FALSE
	EndGlobalSection
	GlobalSection(NestedProjects) = preSolution
		{A3CCD337-841D-4AD4-8F09-62894DE2C103} = {DA9BB6CF-CB5F-413F-A906-96D8424851DC}
		{0212C00F-9CE8-4C63-B6CF-60D8211FCC5C} = {A25BF449-3CE4-4181-97EE-F39D59DF5B61}
	EndGlobalSection
EndGlobal
